
Microsoft Visual Studio Solution File, Format Version 12.00
# Visual Studio Version 17
VisualStudioVersion = 17.5.33414.496
MinimumVisualStudioVersion = 10.0.40219.1
Project("{FAE04EC0-301F-11D3-BF4B-00C04F79EFBC}") = "API_MAPS", "API_MAPS\API_MAPS.csproj", "{8E7898C1-8D79-42F7-A27B-669DDF4BC5C0}"
EndProject
Global
	GlobalSection(SolutionConfigurationPlatforms) = preSolution
		Debug|Any CPU = Debug|Any CPU
		Release|Any CPU = Release|Any CPU
	EndGlobalSection
	GlobalSection(ProjectConfigurationPlatforms) = postSolution
		{8E7898C1-8D79-42F7-A27B-669DDF4BC5C0}.Debug|Any CPU.ActiveCfg = Debug|Any CPU
		{8E7898C1-8D79-42F7-A27B-669DDF4BC5C0}.Debug|Any CPU.Build.0 = Debug|Any CPU
		{8E7898C1-8D79-42F7-A27B-669DDF4BC5C0}.Release|Any CPU.ActiveCfg = Release|Any CPU
		{8E7898C1-8D79-42F7-A27B-669DDF4BC5C0}.Release|Any CPU.Build.0 = Release|Any CPU
	EndGlobalSection
	GlobalSection(SolutionProperties) = preSolution
		HideSolutionNode = FALSE
	EndGlobalSection
	GlobalSection(ExtensibilityGlobals) = postSolution
		SolutionGuid = {293F37E5-77D2-41BF-9D5E-67955BEB30CE}
	EndGlobalSection
EndGlobal
